
Microsoft Visual Studio Solution File, Format Version 12.00
# Visual Studio Version 17
VisualStudioVersion = 17.8.34525.116
MinimumVisualStudioVersion = 10.0.40219.1
Project("{9A19103F-16F7-4668-BE54-9A1E7A4F7556}") = "GymManagementSystem", "GymManagementSystem\GymManagementSystem.csproj", "{EA9A7C51-C931-4CA1-9C39-66CBB6E54119}"
EndProject
Project("{9A19103F-16F7-4668-BE54-9A1E7A4F7556}") = "Domains", "Domains\Domains.csproj", "{CC3A19A0-F329-42C2-9288-45E5DAB31FCF}"
EndProject
Project("{9A19103F-16F7-4668-BE54-9A1E7A4F7556}") = "BL", "BL\BL.csproj", "{D9D575A9-5202-4778-82D6-B739E00B5ECF}"
EndProject
Global
	GlobalSection(SolutionConfigurationPlatforms) = preSolution
		Debug|Any CPU = Debug|Any CPU
		Release|Any CPU = Release|Any CPU
	EndGlobalSection
	GlobalSection(ProjectConfigurationPlatforms) = postSolution
		{EA9A7C51-C931-4CA1-9C39-66CBB6E54119}.Debug|Any CPU.ActiveCfg = Debug|Any CPU
		{EA9A7C51-C931-4CA1-9C39-66CBB6E54119}.Debug|Any CPU.Build.0 = Debug|Any CPU
		{EA9A7C51-C931-4CA1-9C39-66CBB6E54119}.Release|Any CPU.ActiveCfg = Release|Any CPU
		{EA9A7C51-C931-4CA1-9C39-66CBB6E54119}.Release|Any CPU.Build.0 = Release|Any CPU
		{CC3A19A0-F329-42C2-9288-45E5DAB31FCF}.Debug|Any CPU.ActiveCfg = Debug|Any CPU
		{CC3A19A0-F329-42C2-9288-45E5DAB31FCF}.Debug|Any CPU.Build.0 = Debug|Any CPU
		{CC3A19A0-F329-42C2-9288-45E5DAB31FCF}.Release|Any CPU.ActiveCfg = Release|Any CPU
		{CC3A19A0-F329-42C2-9288-45E5DAB31FCF}.Release|Any CPU.Build.0 = Release|Any CPU
		{D9D575A9-5202-4778-82D6-B739E00B5ECF}.Debug|Any CPU.ActiveCfg = Debug|Any CPU
		{D9D575A9-5202-4778-82D6-B739E00B5ECF}.Debug|Any CPU.Build.0 = Debug|Any CPU
		{D9D575A9-5202-4778-82D6-B739E00B5ECF}.Release|Any CPU.ActiveCfg = Release|Any CPU
		{D9D575A9-5202-4778-82D6-B739E00B5ECF}.Release|Any CPU.Build.0 = Release|Any CPU
	EndGlobalSection
	GlobalSection(SolutionProperties) = preSolution
		HideSolutionNode = FALSE
	EndGlobalSection
	GlobalSection(ExtensibilityGlobals) = postSolution
		SolutionGuid = {990475C8-EC27-4382-8DFC-94D6EDD5EAFD}
	EndGlobalSection
EndGlobal
